// !$*UTF8*$!
{
	archiveVersion = 1;
	classes = {
	};
	objectVersion = 46;
	objects = {

/* Begin PBXBuildFile section */
		707F0E081E2D286C0098184D /* AppDelegate.swift in Sources */ = {isa = PBXBuildFile; fileRef = 707F0E071E2D286C0098184D /* AppDelegate.swift */; };
		707F0E0C1E2D286C0098184D /* FavouritesViewController.swift in Sources */ = {isa = PBXBuildFile; fileRef = 707F0E0B1E2D286C0098184D /* FavouritesViewController.swift */; };
		707F0E0F1E2D286C0098184D /* Main.storyboard in Resources */ = {isa = PBXBuildFile; fileRef = 707F0E0D1E2D286C0098184D /* Main.storyboard */; };
		707F0E111E2D286C0098184D /* Assets.xcassets in Resources */ = {isa = PBXBuildFile; fileRef = 707F0E101E2D286C0098184D /* Assets.xcassets */; };
		707F0E141E2D286C0098184D /* LaunchScreen.storyboard in Resources */ = {isa = PBXBuildFile; fileRef = 707F0E121E2D286C0098184D /* LaunchScreen.storyboard */; };
		707F0E1F1E2D286C0098184D /* CubeTests.swift in Sources */ = {isa = PBXBuildFile; fileRef = 707F0E1E1E2D286C0098184D /* CubeTests.swift */; };
		707F0E2A1E2D286C0098184D /* CubeUITests.swift in Sources */ = {isa = PBXBuildFile; fileRef = 707F0E291E2D286C0098184D /* CubeUITests.swift */; };
		707F0E381E2D2CC50098184D /* MovieDetails.swift in Sources */ = {isa = PBXBuildFile; fileRef = 707F0E371E2D2CC50098184D /* MovieDetails.swift */; };
		707F0E411E2D31340098184D /* DataSource.swift in Sources */ = {isa = PBXBuildFile; fileRef = 707F0E401E2D31340098184D /* DataSource.swift */; };
		707F0E431E2D358D0098184D /* NetworkManager.swift in Sources */ = {isa = PBXBuildFile; fileRef = 707F0E421E2D358D0098184D /* NetworkManager.swift */; };
		707F0E471E2D5C760098184D /* SearchViewController.swift in Sources */ = {isa = PBXBuildFile; fileRef = 707F0E461E2D5C760098184D /* SearchViewController.swift */; };
		707F0E491E2E0D150098184D /* MoviesModel.swift in Sources */ = {isa = PBXBuildFile; fileRef = 707F0E481E2E0D150098184D /* MoviesModel.swift */; };
/* End PBXBuildFile section */

/* Begin PBXContainerItemProxy section */
		707F0E1B1E2D286C0098184D /* PBXContainerItemProxy */ = {
			isa = PBXContainerItemProxy;
			containerPortal = 707F0DFC1E2D286C0098184D /* Project object */;
			proxyType = 1;
			remoteGlobalIDString = 707F0E031E2D286C0098184D;
			remoteInfo = Cube;
		};
		707F0E261E2D286C0098184D /* PBXContainerItemProxy */ = {
			isa = PBXContainerItemProxy;
			containerPortal = 707F0DFC1E2D286C0098184D /* Project object */;
			proxyType = 1;
			remoteGlobalIDString = 707F0E031E2D286C0098184D;
			remoteInfo = Cube;
		};
/* End PBXContainerItemProxy section */

/* Begin PBXFileReference section */
		707F0E041E2D286C0098184D /* Cube.app */ = {isa = PBXFileReference; explicitFileType = wrapper.application; includeInIndex = 0; path = Cube.app; sourceTree = BUILT_PRODUCTS_DIR; };
		707F0E071E2D286C0098184D /* AppDelegate.swift */ = {isa = PBXFileReference; lastKnownFileType = sourcecode.swift; path = AppDelegate.swift; sourceTree = "<group>"; };
		707F0E0B1E2D286C0098184D /* FavouritesViewController.swift */ = {isa = PBXFileReference; lastKnownFileType = sourcecode.swift; path = FavouritesViewController.swift; sourceTree = "<group>"; };
		707F0E0E1E2D286C0098184D /* Base */ = {isa = PBXFileReference; lastKnownFileType = file.storyboard; name = Base; path = Base.lproj/Main.storyboard; sourceTree = "<group>"; };
		707F0E101E2D286C0098184D /* Assets.xcassets */ = {isa = PBXFileReference; lastKnownFileType = folder.assetcatalog; path = Assets.xcassets; sourceTree = "<group>"; };
		707F0E131E2D286C0098184D /* Base */ = {isa = PBXFileReference; lastKnownFileType = file.storyboard; name = Base; path = Base.lproj/LaunchScreen.storyboard; sourceTree = "<group>"; };
		707F0E151E2D286C0098184D /* Info.plist */ = {isa = PBXFileReference; lastKnownFileType = text.plist.xml; path = Info.plist; sourceTree = "<group>"; };
		707F0E1A1E2D286C0098184D /* CubeTests.xctest */ = {isa = PBXFileReference; explicitFileType = wrapper.cfbundle; includeInIndex = 0; path = CubeTests.xctest; sourceTree = BUILT_PRODUCTS_DIR; };
		707F0E1E1E2D286C0098184D /* CubeTests.swift */ = {isa = PBXFileReference; lastKnownFileType = sourcecode.swift; path = CubeTests.swift; sourceTree = "<group>"; };
		707F0E201E2D286C0098184D /* Info.plist */ = {isa = PBXFileReference; lastKnownFileType = text.plist.xml; path = Info.plist; sourceTree = "<group>"; };
		707F0E251E2D286C0098184D /* CubeUITests.xctest */ = {isa = PBXFileReference; explicitFileType = wrapper.cfbundle; includeInIndex = 0; path = CubeUITests.xctest; sourceTree = BUILT_PRODUCTS_DIR; };
		707F0E291E2D286C0098184D /* CubeUITests.swift */ = {isa = PBXFileReference; lastKnownFileType = sourcecode.swift; path = CubeUITests.swift; sourceTree = "<group>"; };
		707F0E2B1E2D286C0098184D /* Info.plist */ = {isa = PBXFileReference; lastKnownFileType = text.plist.xml; path = Info.plist; sourceTree = "<group>"; };
		707F0E371E2D2CC50098184D /* MovieDetails.swift */ = {isa = PBXFileReference; fileEncoding = 4; lastKnownFileType = sourcecode.swift; path = MovieDetails.swift; sourceTree = "<group>"; };
		707F0E401E2D31340098184D /* DataSource.swift */ = {isa = PBXFileReference; fileEncoding = 4; lastKnownFileType = sourcecode.swift; path = DataSource.swift; sourceTree = "<group>"; };
		707F0E421E2D358D0098184D /* NetworkManager.swift */ = {isa = PBXFileReference; fileEncoding = 4; lastKnownFileType = sourcecode.swift; path = NetworkManager.swift; sourceTree = "<group>"; };
		707F0E461E2D5C760098184D /* SearchViewController.swift */ = {isa = PBXFileReference; fileEncoding = 4; lastKnownFileType = sourcecode.swift; path = SearchViewController.swift; sourceTree = "<group>"; };
		707F0E481E2E0D150098184D /* MoviesModel.swift */ = {isa = PBXFileReference; fileEncoding = 4; lastKnownFileType = sourcecode.swift; path = MoviesModel.swift; sourceTree = "<group>"; };
/* End PBXFileReference section */

/* Begin PBXFrameworksBuildPhase section */
		707F0E011E2D286C0098184D /* Frameworks */ = {
			isa = PBXFrameworksBuildPhase;
			buildActionMask = 2147483647;
			files = (
			);
			runOnlyForDeploymentPostprocessing = 0;
		};
		707F0E171E2D286C0098184D /* Frameworks */ = {
			isa = PBXFrameworksBuildPhase;
			buildActionMask = 2147483647;
			files = (
			);
			runOnlyForDeploymentPostprocessing = 0;
		};
		707F0E221E2D286C0098184D /* Frameworks */ = {
			isa = PBXFrameworksBuildPhase;
			buildActionMask = 2147483647;
			files = (
			);
			runOnlyForDeploymentPostprocessing = 0;
		};
/* End PBXFrameworksBuildPhase section */

/* Begin PBXGroup section */
		707F0DFB1E2D286C0098184D = {
			isa = PBXGroup;
			children = (
				707F0E061E2D286C0098184D /* Cube */,
				707F0E1D1E2D286C0098184D /* CubeTests */,
				707F0E281E2D286C0098184D /* CubeUITests */,
				707F0E051E2D286C0098184D /* Products */,
			);
			sourceTree = "<group>";
		};
		707F0E051E2D286C0098184D /* Products */ = {
			isa = PBXGroup;
			children = (
				707F0E041E2D286C0098184D /* Cube.app */,
				707F0E1A1E2D286C0098184D /* CubeTests.xctest */,
				707F0E251E2D286C0098184D /* CubeUITests.xctest */,
			);
			name = Products;
			sourceTree = "<group>";
		};
		707F0E061E2D286C0098184D /* Cube */ = {
			isa = PBXGroup;
			children = (
				707F0E071E2D286C0098184D /* AppDelegate.swift */,
				707F0E391E2D30130098184D /* Model */,
				707F0E3C1E2D30550098184D /* View */,
				707F0E3D1E2D305B0098184D /* Controller */,
				707F0E3E1E2D30610098184D /* Assets */,
				707F0E3F1E2D306A0098184D /* Supporting Files */,
				707F0E421E2D358D0098184D /* NetworkManager.swift */,
			);
			path = Cube;
			sourceTree = "<group>";
		};
		707F0E1D1E2D286C0098184D /* CubeTests */ = {
			isa = PBXGroup;
			children = (
				707F0E1E1E2D286C0098184D /* CubeTests.swift */,
				707F0E201E2D286C0098184D /* Info.plist */,
			);
			path = CubeTests;
			sourceTree = "<group>";
		};
		707F0E281E2D286C0098184D /* CubeUITests */ = {
			isa = PBXGroup;
			children = (
				707F0E291E2D286C0098184D /* CubeUITests.swift */,
				707F0E2B1E2D286C0098184D /* Info.plist */,
			);
			path = CubeUITests;
			sourceTree = "<group>";
		};
		707F0E391E2D30130098184D /* Model */ = {
			isa = PBXGroup;
			children = (
				707F0E3A1E2D30360098184D /* Clients */,
			);
			name = Model;
			sourceTree = "<group>";
		};
		707F0E3A1E2D30360098184D /* Clients */ = {
			isa = PBXGroup;
			children = (
				707F0E3B1E2D303E0098184D /* OMDb */,
			);
			name = Clients;
			sourceTree = "<group>";
		};
		707F0E3B1E2D303E0098184D /* OMDb */ = {
			isa = PBXGroup;
			children = (
				707F0E401E2D31340098184D /* DataSource.swift */,
				707F0E481E2E0D150098184D /* MoviesModel.swift */,
				707F0E371E2D2CC50098184D /* MovieDetails.swift */,
			);
			name = OMDb;
			sourceTree = "<group>";
		};
		707F0E3C1E2D30550098184D /* View */ = {
			isa = PBXGroup;
			children = (
			);
			name = View;
			sourceTree = "<group>";
		};
		707F0E3D1E2D305B0098184D /* Controller */ = {
			isa = PBXGroup;
			children = (
				707F0E0B1E2D286C0098184D /* FavouritesViewController.swift */,
				707F0E461E2D5C760098184D /* SearchViewController.swift */,
			);
			name = Controller;
			sourceTree = "<group>";
		};
		707F0E3E1E2D30610098184D /* Assets */ = {
			isa = PBXGroup;
			children = (
				707F0E0D1E2D286C0098184D /* Main.storyboard */,
				707F0E121E2D286C0098184D /* LaunchScreen.storyboard */,
				707F0E101E2D286C0098184D /* Assets.xcassets */,
			);
			name = Assets;
			sourceTree = "<group>";
		};
		707F0E3F1E2D306A0098184D /* Supporting Files */ = {
			isa = PBXGroup;
			children = (
				707F0E151E2D286C0098184D /* Info.plist */,
			);
			name = "Supporting Files";
			sourceTree = "<group>";
		};
/* End PBXGroup section */

/* Begin PBXNativeTarget section */
		707F0E031E2D286C0098184D /* Cube */ = {
			isa = PBXNativeTarget;
			buildConfigurationList = 707F0E2E1E2D286C0098184D /* Build configuration list for PBXNativeTarget "Cube" */;
			buildPhases = (
				707F0E001E2D286C0098184D /* Sources */,
				707F0E011E2D286C0098184D /* Frameworks */,
				707F0E021E2D286C0098184D /* Resources */,
			);
			buildRules = (
			);
			dependencies = (
			);
			name = Cube;
			productName = Cube;
			productReference = 707F0E041E2D286C0098184D /* Cube.app */;
			productType = "com.apple.product-type.application";
		};
		707F0E191E2D286C0098184D /* CubeTests */ = {
			isa = PBXNativeTarget;
			buildConfigurationList = 707F0E311E2D286C0098184D /* Build configuration list for PBXNativeTarget "CubeTests" */;
			buildPhases = (
				707F0E161E2D286C0098184D /* Sources */,
				707F0E171E2D286C0098184D /* Frameworks */,
				707F0E181E2D286C0098184D /* Resources */,
			);
			buildRules = (
			);
			dependencies = (
				707F0E1C1E2D286C0098184D /* PBXTargetDependency */,
			);
			name = CubeTests;
			productName = CubeTests;
			productReference = 707F0E1A1E2D286C0098184D /* CubeTests.xctest */;
			productType = "com.apple.product-type.bundle.unit-test";
		};
		707F0E241E2D286C0098184D /* CubeUITests */ = {
			isa = PBXNativeTarget;
			buildConfigurationList = 707F0E341E2D286C0098184D /* Build configuration list for PBXNativeTarget "CubeUITests" */;
			buildPhases = (
				707F0E211E2D286C0098184D /* Sources */,
				707F0E221E2D286C0098184D /* Frameworks */,
				707F0E231E2D286C0098184D /* Resources */,
			);
			buildRules = (
			);
			dependencies = (
				707F0E271E2D286C0098184D /* PBXTargetDependency */,
			);
			name = CubeUITests;
			productName = CubeUITests;
			productReference = 707F0E251E2D286C0098184D /* CubeUITests.xctest */;
			productType = "com.apple.product-type.bundle.ui-testing";
		};
/* End PBXNativeTarget section */

/* Begin PBXProject section */
		707F0DFC1E2D286C0098184D /* Project object */ = {
			isa = PBXProject;
			attributes = {
				LastSwiftUpdateCheck = 0810;
				LastUpgradeCheck = 0810;
				ORGANIZATIONNAME = "SimranJot Singh";
				TargetAttributes = {
					707F0E031E2D286C0098184D = {
						CreatedOnToolsVersion = 8.1;
						ProvisioningStyle = Automatic;
					};
					707F0E191E2D286C0098184D = {
						CreatedOnToolsVersion = 8.1;
						ProvisioningStyle = Automatic;
						TestTargetID = 707F0E031E2D286C0098184D;
					};
					707F0E241E2D286C0098184D = {
						CreatedOnToolsVersion = 8.1;
						ProvisioningStyle = Automatic;
						TestTargetID = 707F0E031E2D286C0098184D;
					};
				};
			};
			buildConfigurationList = 707F0DFF1E2D286C0098184D /* Build configuration list for PBXProject "Cube" */;
			compatibilityVersion = "Xcode 3.2";
			developmentRegion = English;
			hasScannedForEncodings = 0;
			knownRegions = (
				en,
				Base,
			);
			mainGroup = 707F0DFB1E2D286C0098184D;
			productRefGroup = 707F0E051E2D286C0098184D /* Products */;
			projectDirPath = "";
			projectRoot = "";
			targets = (
				707F0E031E2D286C0098184D /* Cube */,
				707F0E191E2D286C0098184D /* CubeTests */,
				707F0E241E2D286C0098184D /* CubeUITests */,
			);
		};
/* End PBXProject section */

/* Begin PBXResourcesBuildPhase section */
		707F0E021E2D286C0098184D /* Resources */ = {
			isa = PBXResourcesBuildPhase;
			buildActionMask = 2147483647;
			files = (
				707F0E141E2D286C0098184D /* LaunchScreen.storyboard in Resources */,
				707F0E111E2D286C0098184D /* Assets.xcassets in Resources */,
				707F0E0F1E2D286C0098184D /* Main.storyboard in Resources */,
			);
			runOnlyForDeploymentPostprocessing = 0;
		};
		707F0E181E2D286C0098184D /* Resources */ = {
			isa = PBXResourcesBuildPhase;
			buildActionMask = 2147483647;
			files = (
			);
			runOnlyForDeploymentPostprocessing = 0;
		};
		707F0E231E2D286C0098184D /* Resources */ = {
			isa = PBXResourcesBuildPhase;
			buildActionMask = 2147483647;
			files = (
			);
			runOnlyForDeploymentPostprocessing = 0;
		};
/* End PBXResourcesBuildPhase section */

/* Begin PBXSourcesBuildPhase section */
		707F0E001E2D286C0098184D /* Sources */ = {
			isa = PBXSourcesBuildPhase;
			buildActionMask = 2147483647;
			files = (
				707F0E431E2D358D0098184D /* NetworkManager.swift in Sources */,
				707F0E471E2D5C760098184D /* SearchViewController.swift in Sources */,
				707F0E0C1E2D286C0098184D /* FavouritesViewController.swift in Sources */,
				707F0E491E2E0D150098184D /* MoviesModel.swift in Sources */,
				707F0E081E2D286C0098184D /* AppDelegate.swift in Sources */,
				707F0E411E2D31340098184D /* DataSource.swift in Sources */,
				707F0E381E2D2CC50098184D /* MovieDetails.swift in Sources */,
			);
			runOnlyForDeploymentPostprocessing = 0;
		};
		707F0E161E2D286C0098184D /* Sources */ = {
			isa = PBXSourcesBuildPhase;
			buildActionMask = 2147483647;
			files = (
				707F0E1F1E2D286C0098184D /* CubeTests.swift in Sources */,
			);
			runOnlyForDeploymentPostprocessing = 0;
		};
		707F0E211E2D286C0098184D /* Sources */ = {
			isa = PBXSourcesBuildPhase;
			buildActionMask = 2147483647;
			files = (
				707F0E2A1E2D286C0098184D /* CubeUITests.swift in Sources */,
			);
			runOnlyForDeploymentPostprocessing = 0;
		};
/* End PBXSourcesBuildPhase section */

/* Begin PBXTargetDependency section */
		707F0E1C1E2D286C0098184D /* PBXTargetDependency */ = {
			isa = PBXTargetDependency;
			target = 707F0E031E2D286C0098184D /* Cube */;
			targetProxy = 707F0E1B1E2D286C0098184D /* PBXContainerItemProxy */;
		};
		707F0E271E2D286C0098184D /* PBXTargetDependency */ = {
			isa = PBXTargetDependency;
			target = 707F0E031E2D286C0098184D /* Cube */;
			targetProxy = 707F0E261E2D286C0098184D /* PBXContainerItemProxy */;
		};
/* End PBXTargetDependency section */

/* Begin PBXVariantGroup section */
		707F0E0D1E2D286C0098184D /* Main.storyboard */ = {
			isa = PBXVariantGroup;
			children = (
				707F0E0E1E2D286C0098184D /* Base */,
			);
			name = Main.storyboard;
			sourceTree = "<group>";
		};
		707F0E121E2D286C0098184D /* LaunchScreen.storyboard */ = {
			isa = PBXVariantGroup;
			children = (
				707F0E131E2D286C0098184D /* Base */,
			);
			name = LaunchScreen.storyboard;
			sourceTree = "<group>";
		};
/* End PBXVariantGroup section */

/* Begin XCBuildConfiguration section */
		707F0E2C1E2D286C0098184D /* Debug */ = {
			isa = XCBuildConfiguration;
			buildSettings = {
				ALWAYS_SEARCH_USER_PATHS = NO;
				CLANG_ANALYZER_NONNULL = YES;
				CLANG_CXX_LANGUAGE_STANDARD = "gnu++0x";
				CLANG_CXX_LIBRARY = "libc++";
				CLANG_ENABLE_MODULES = YES;
				CLANG_ENABLE_OBJC_ARC = YES;
				CLANG_WARN_BOOL_CONVERSION = YES;
				CLANG_WARN_CONSTANT_CONVERSION = YES;
				CLANG_WARN_DIRECT_OBJC_ISA_USAGE = YES_ERROR;
				CLANG_WARN_DOCUMENTATION_COMMENTS = YES;
				CLANG_WARN_EMPTY_BODY = YES;
				CLANG_WARN_ENUM_CONVERSION = YES;
				CLANG_WARN_INFINITE_RECURSION = YES;
				CLANG_WARN_INT_CONVERSION = YES;
				CLANG_WARN_OBJC_ROOT_CLASS = YES_ERROR;
				CLANG_WARN_SUSPICIOUS_MOVES = YES;
				CLANG_WARN_UNREACHABLE_CODE = YES;
				CLANG_WARN__DUPLICATE_METHOD_MATCH = YES;
				"CODE_SIGN_IDENTITY[sdk=iphoneos*]" = "iPhone Developer";
				COPY_PHASE_STRIP = NO;
				DEBUG_INFORMATION_FORMAT = dwarf;
				ENABLE_STRICT_OBJC_MSGSEND = YES;
				ENABLE_TESTABILITY = YES;
				GCC_C_LANGUAGE_STANDARD = gnu99;
				GCC_DYNAMIC_NO_PIC = NO;
				GCC_NO_COMMON_BLOCKS = YES;
				GCC_OPTIMIZATION_LEVEL = 0;
				GCC_PREPROCESSOR_DEFINITIONS = (
					"DEBUG=1",
					"$(inherited)",
				);
				GCC_WARN_64_TO_32_BIT_CONVERSION = YES;
				GCC_WARN_ABOUT_RETURN_TYPE = YES_ERROR;
				GCC_WARN_UNDECLARED_SELECTOR = YES;
				GCC_WARN_UNINITIALIZED_AUTOS = YES_AGGRESSIVE;
				GCC_WARN_UNUSED_FUNCTION = YES;
				GCC_WARN_UNUSED_VARIABLE = YES;
				IPHONEOS_DEPLOYMENT_TARGET = 10.1;
				MTL_ENABLE_DEBUG_INFO = YES;
				ONLY_ACTIVE_ARCH = YES;
				SDKROOT = iphoneos;
				SWIFT_ACTIVE_COMPILATION_CONDITIONS = DEBUG;
				SWIFT_OPTIMIZATION_LEVEL = "-Onone";
				TARGETED_DEVICE_FAMILY = "1,2";
			};
			name = Debug;
		};
		707F0E2D1E2D286C0098184D /* Release */ = {
			isa = XCBuildConfiguration;
			buildSettings = {
				ALWAYS_SEARCH_USER_PATHS = NO;
				CLANG_ANALYZER_NONNULL = YES;
				CLANG_CXX_LANGUAGE_STANDARD = "gnu++0x";
				CLANG_CXX_LIBRARY = "libc++";
				CLANG_ENABLE_MODULES = YES;
				CLANG_ENABLE_OBJC_ARC = YES;
				CLANG_WARN_BOOL_CONVERSION = YES;
				CLANG_WARN_CONSTANT_CONVERSION = YES;
				CLANG_WARN_DIRECT_OBJC_ISA_USAGE = YES_ERROR;
				CLANG_WARN_DOCUMENTATION_COMMENTS = YES;
				CLANG_WARN_EMPTY_BODY = YES;
				CLANG_WARN_ENUM_CONVERSION = YES;
				CLANG_WARN_INFINITE_RECURSION = YES;
				CLANG_WARN_INT_CONVERSION = YES;
				CLANG_WARN_OBJC_ROOT_CLASS = YES_ERROR;
				CLANG_WARN_SUSPICIOUS_MOVES = YES;
				CLANG_WARN_UNREACHABLE_CODE = YES;
				CLANG_WARN__DUPLICATE_METHOD_MATCH = YES;
				"CODE_SIGN_IDENTITY[sdk=iphoneos*]" = "iPhone Developer";
				COPY_PHASE_STRIP = NO;
				DEBUG_INFORMATION_FORMAT = "dwarf-with-dsym";
				ENABLE_NS_ASSERTIONS = NO;
				ENABLE_STRICT_OBJC_MSGSEND = YES;
				GCC_C_LANGUAGE_STANDARD = gnu99;
				GCC_NO_COMMON_BLOCKS = YES;
				GCC_WARN_64_TO_32_BIT_CONVERSION = YES;
				GCC_WARN_ABOUT_RETURN_TYPE = YES_ERROR;
				GCC_WARN_UNDECLARED_SELECTOR = YES;
				GCC_WARN_UNINITIALIZED_AUTOS = YES_AGGRESSIVE;
				GCC_WARN_UNUSED_FUNCTION = YES;
				GCC_WARN_UNUSED_VARIABLE = YES;
				IPHONEOS_DEPLOYMENT_TARGET = 10.1;
				MTL_ENABLE_DEBUG_INFO = NO;
				SDKROOT = iphoneos;
				SWIFT_OPTIMIZATION_LEVEL = "-Owholemodule";
				TARGETED_DEVICE_FAMILY = "1,2";
				VALIDATE_PRODUCT = YES;
			};
			name = Release;
		};
		707F0E2F1E2D286C0098184D /* Debug */ = {
			isa = XCBuildConfiguration;
			buildSettings = {
				ASSETCATALOG_COMPILER_APPICON_NAME = AppIcon;
				INFOPLIST_FILE = Cube/Info.plist;
				LD_RUNPATH_SEARCH_PATHS = "$(inherited) @executable_path/Frameworks";
				PRODUCT_BUNDLE_IDENTIFIER = iamchanandlerbong.Cube;
				PRODUCT_NAME = "$(TARGET_NAME)";
				SWIFT_VERSION = 3.0;
			};
			name = Debug;
		};
		707F0E301E2D286C0098184D /* Release */ = {
			isa = XCBuildConfiguration;
			buildSettings = {
				ASSETCATALOG_COMPILER_APPICON_NAME = AppIcon;
				INFOPLIST_FILE = Cube/Info.plist;
				LD_RUNPATH_SEARCH_PATHS = "$(inherited) @executable_path/Frameworks";
				PRODUCT_BUNDLE_IDENTIFIER = iamchanandlerbong.Cube;
				PRODUCT_NAME = "$(TARGET_NAME)";
				SWIFT_VERSION = 3.0;
			};
			name = Release;
		};
		707F0E321E2D286C0098184D /* Debug */ = {
			isa = XCBuildConfiguration;
			buildSettings = {
				ALWAYS_EMBED_SWIFT_STANDARD_LIBRARIES = YES;
				BUNDLE_LOADER = "$(TEST_HOST)";
				INFOPLIST_FILE = CubeTests/Info.plist;
				LD_RUNPATH_SEARCH_PATHS = "$(inherited) @executable_path/Frameworks @loader_path/Frameworks";
				PRODUCT_BUNDLE_IDENTIFIER = iamchanandlerbong.CubeTests;
				PRODUCT_NAME = "$(TARGET_NAME)";
				SWIFT_VERSION = 3.0;
				TEST_HOST = "$(BUILT_PRODUCTS_DIR)/Cube.app/Cube";
			};
			name = Debug;
		};
		707F0E331E2D286C0098184D /* Release */ = {
			isa = XCBuildConfiguration;
			buildSettings = {
				ALWAYS_EMBED_SWIFT_STANDARD_LIBRARIES = YES;
				BUNDLE_LOADER = "$(TEST_HOST)";
				INFOPLIST_FILE = CubeTests/Info.plist;
				LD_RUNPATH_SEARCH_PATHS = "$(inherited) @executable_path/Frameworks @loader_path/Frameworks";
				PRODUCT_BUNDLE_IDENTIFIER = iamchanandlerbong.CubeTests;
				PRODUCT_NAME = "$(TARGET_NAME)";
				SWIFT_VERSION = 3.0;
				TEST_HOST = "$(BUILT_PRODUCTS_DIR)/Cube.app/Cube";
			};
			name = Release;
		};
		707F0E351E2D286C0098184D /* Debug */ = {
			isa = XCBuildConfiguration;
			buildSettings = {
				ALWAYS_EMBED_SWIFT_STANDARD_LIBRARIES = YES;
				INFOPLIST_FILE = CubeUITests/Info.plist;
				LD_RUNPATH_SEARCH_PATHS = "$(inherited) @executable_path/Frameworks @loader_path/Frameworks";
				PRODUCT_BUNDLE_IDENTIFIER = iamchanandlerbong.CubeUITests;
				PRODUCT_NAME = "$(TARGET_NAME)";
				SWIFT_VERSION = 3.0;
				TEST_TARGET_NAME = Cube;
			};
			name = Debug;
		};
		707F0E361E2D286C0098184D /* Release */ = {
			isa = XCBuildConfiguration;
			buildSettings = {
				ALWAYS_EMBED_SWIFT_STANDARD_LIBRARIES = YES;
				INFOPLIST_FILE = CubeUITests/Info.plist;
				LD_RUNPATH_SEARCH_PATHS = "$(inherited) @executable_path/Frameworks @loader_path/Frameworks";
				PRODUCT_BUNDLE_IDENTIFIER = iamchanandlerbong.CubeUITests;
				PRODUCT_NAME = "$(TARGET_NAME)";
				SWIFT_VERSION = 3.0;
				TEST_TARGET_NAME = Cube;
			};
			name = Release;
		};
/* End XCBuildConfiguration section */

/* Begin XCConfigurationList section */
		707F0DFF1E2D286C0098184D /* Build configuration list for PBXProject "Cube" */ = {
			isa = XCConfigurationList;
			buildConfigurations = (
				707F0E2C1E2D286C0098184D /* Debug */,
				707F0E2D1E2D286C0098184D /* Release */,
			);
			defaultConfigurationIsVisible = 0;
			defaultConfigurationName = Release;
		};
		707F0E2E1E2D286C0098184D /* Build configuration list for PBXNativeTarget "Cube" */ = {
			isa = XCConfigurationList;
			buildConfigurations = (
				707F0E2F1E2D286C0098184D /* Debug */,
				707F0E301E2D286C0098184D /* Release */,
			);
			defaultConfigurationIsVisible = 0;
			defaultConfigurationName = Release;
		};
		707F0E311E2D286C0098184D /* Build configuration list for PBXNativeTarget "CubeTests" */ = {
			isa = XCConfigurationList;
			buildConfigurations = (
				707F0E321E2D286C0098184D /* Debug */,
				707F0E331E2D286C0098184D /* Release */,
			);
			defaultConfigurationIsVisible = 0;
			defaultConfigurationName = Release;
		};
		707F0E341E2D286C0098184D /* Build configuration list for PBXNativeTarget "CubeUITests" */ = {
			isa = XCConfigurationList;
			buildConfigurations = (
				707F0E351E2D286C0098184D /* Debug */,
				707F0E361E2D286C0098184D /* Release */,
			);
			defaultConfigurationIsVisible = 0;
			defaultConfigurationName = Release;
		};
/* End XCConfigurationList section */
	};
	rootObject = 707F0DFC1E2D286C0098184D /* Project object */;
}
